
Microsoft Visual Studio Solution File, Format Version 12.00
# Visual Studio Version 17
VisualStudioVersion = 17.3.32901.215
MinimumVisualStudioVersion = 10.0.40219.1
Project("{FAE04EC0-301F-11D3-BF4B-00C04F79EFBC}") = "LearningPhase1", "LearningPhase1\LearningPhase1.csproj", "{EE136A2B-E4C5-4815-BE45-7D488F81E2B4}"
EndProject
Global
	GlobalSection(SolutionConfigurationPlatforms) = preSolution
		Debug|Any CPU = Debug|Any CPU
		Release|Any CPU = Release|Any CPU
	EndGlobalSection
	GlobalSection(ProjectConfigurationPlatforms) = postSolution
		{EE136A2B-E4C5-4815-BE45-7D488F81E2B4}.Debug|Any CPU.ActiveCfg = Debug|Any CPU
		{EE136A2B-E4C5-4815-BE45-7D488F81E2B4}.Debug|Any CPU.Build.0 = Debug|Any CPU
		{EE136A2B-E4C5-4815-BE45-7D488F81E2B4}.Release|Any CPU.ActiveCfg = Release|Any CPU
		{EE136A2B-E4C5-4815-BE45-7D488F81E2B4}.Release|Any CPU.Build.0 = Release|Any CPU
	EndGlobalSection
	GlobalSection(SolutionProperties) = preSolution
		HideSolutionNode = FALSE
	EndGlobalSection
	GlobalSection(ExtensibilityGlobals) = postSolution
		SolutionGuid = {54F443FC-EC42-4823-87AA-8F9B5BAFB79D}
	EndGlobalSection
EndGlobal
